
Microsoft Visual Studio Solution File, Format Version 12.00
# Visual Studio 15
VisualStudioVersion = 15.0.27703.2047
MinimumVisualStudioVersion = 10.0.40219.1
Project("{FAE04EC0-301F-11D3-BF4B-00C04F79EFBC}") = "WalkingScales.Android", "WalkingScales\WalkingScales.Android\WalkingScales.Android.csproj", "{4A6A5090-BE17-4DC7-825F-B998E5A7431C}"
EndProject
Project("{FAE04EC0-301F-11D3-BF4B-00C04F79EFBC}") = "WalkingScales.iOS", "WalkingScales\WalkingScales.iOS\WalkingScales.iOS.csproj", "{7C44D9D3-677A-4CE8-879B-0B5B3983844D}"
EndProject
Project("{FAE04EC0-301F-11D3-BF4B-00C04F79EFBC}") = "WalkingScales.UWP", "WalkingScales\WalkingScales.UWP\WalkingScales.UWP.csproj", "{8EFFC4E6-C809-499C-A355-EE47B21D019C}"
EndProject
Project("{FAE04EC0-301F-11D3-BF4B-00C04F79EFBC}") = "WalkingScales", "WalkingScales\WalkingScales\WalkingScales.csproj", "{6C17CB3D-A732-49A2-911E-8EF3D8A694B8}"
EndProject
Global
	GlobalSection(SolutionConfigurationPlatforms) = preSolution
		Ad-Hoc|Any CPU = Ad-Hoc|Any CPU
		Ad-Hoc|ARM = Ad-Hoc|ARM
		Ad-Hoc|iPhone = Ad-Hoc|iPhone
		Ad-Hoc|iPhoneSimulator = Ad-Hoc|iPhoneSimulator
		Ad-Hoc|x64 = Ad-Hoc|x64
		Ad-Hoc|x86 = Ad-Hoc|x86
		AppStore|Any CPU = AppStore|Any CPU
		AppStore|ARM = AppStore|ARM
		AppStore|iPhone = AppStore|iPhone
		AppStore|iPhoneSimulator = AppStore|iPhoneSimulator
		AppStore|x64 = AppStore|x64
		AppStore|x86 = AppStore|x86
		Debug|Any CPU = Debug|Any CPU
		Debug|ARM = Debug|ARM
		Debug|iPhone = Debug|iPhone
		Debug|iPhoneSimulator = Debug|iPhoneSimulator
		Debug|x64 = Debug|x64
		Debug|x86 = Debug|x86
		Release|Any CPU = Release|Any CPU
		Release|ARM = Release|ARM
		Release|iPhone = Release|iPhone
		Release|iPhoneSimulator = Release|iPhoneSimulator
		Release|x64 = Release|x64
		Release|x86 = Release|x86
	EndGlobalSection
	GlobalSection(ProjectConfigurationPlatforms) = postSolution
		{4A6A5090-BE17-4DC7-825F-B998E5A7431C}.Ad-Hoc|Any CPU.ActiveCfg = Release|Any CPU
		{4A6A5090-BE17-4DC7-825F-B998E5A7431C}.Ad-Hoc|Any CPU.Build.0 = Release|Any CPU
		{4A6A5090-BE17-4DC7-825F-B998E5A7431C}.Ad-Hoc|Any CPU.Deploy.0 = Release|Any CPU
		{4A6A5090-BE17-4DC7-825F-B998E5A7431C}.Ad-Hoc|ARM.ActiveCfg = Release|Any CPU
		{4A6A5090-BE17-4DC7-825F-B998E5A7431C}.Ad-Hoc|ARM.Build.0 = Release|Any CPU
		{4A6A5090-BE17-4DC7-825F-B998E5A7431C}.Ad-Hoc|ARM.Deploy.0 = Release|Any CPU
		{4A6A5090-BE17-4DC7-825F-B998E5A7431C}.Ad-Hoc|iPhone.ActiveCfg = Release|Any CPU
		{4A6A5090-BE17-4DC7-825F-B998E5A7431C}.Ad-Hoc|iPhone.Build.0 = Release|Any CPU
		{4A6A5090-BE17-4DC7-825F-B998E5A7431C}.Ad-Hoc|iPhone.Deploy.0 = Release|Any CPU
		{4A6A5090-BE17-4DC7-825F-B998E5A7431C}.Ad-Hoc|iPhoneSimulator.ActiveCfg = Release|Any CPU
		{4A6A5090-BE17-4DC7-825F-B998E5A7431C}.Ad-Hoc|iPhoneSimulator.Build.0 = Release|Any CPU
		{4A6A5090-BE17-4DC7-825F-B998E5A7431C}.Ad-Hoc|iPhoneSimulator.Deploy.0 = Release|Any CPU
		{4A6A5090-BE17-4DC7-825F-B998E5A7431C}.Ad-Hoc|x64.ActiveCfg = Release|Any CPU
		{4A6A5090-BE17-4DC7-825F-B998E5A7431C}.Ad-Hoc|x64.Build.0 = Release|Any CPU
		{4A6A5090-BE17-4DC7-825F-B998E5A7431C}.Ad-Hoc|x64.Deploy.0 = Release|Any CPU
		{4A6A5090-BE17-4DC7-825F-B998E5A7431C}.Ad-Hoc|x86.ActiveCfg = Release|Any CPU
		{4A6A5090-BE17-4DC7-825F-B998E5A7431C}.Ad-Hoc|x86.Build.0 = Release|Any CPU
		{4A6A5090-BE17-4DC7-825F-B998E5A7431C}.Ad-Hoc|x86.Deploy.0 = Release|Any CPU
		{4A6A5090-BE17-4DC7-825F-B998E5A7431C}.AppStore|Any CPU.ActiveCfg = Release|Any CPU
		{4A6A5090-BE17-4DC7-825F-B998E5A7431C}.AppStore|Any CPU.Build.0 = Release|Any CPU
		{4A6A5090-BE17-4DC7-825F-B998E5A7431C}.AppStore|Any CPU.Deploy.0 = Release|Any CPU
		{4A6A5090-BE17-4DC7-825F-B998E5A7431C}.AppStore|ARM.ActiveCfg = Release|Any CPU
		{4A6A5090-BE17-4DC7-825F-B998E5A7431C}.AppStore|ARM.Build.0 = Release|Any CPU
		{4A6A5090-BE17-4DC7-825F-B998E5A7431C}.AppStore|ARM.Deploy.0 = Release|Any CPU
		{4A6A5090-BE17-4DC7-825F-B998E5A7431C}.AppStore|iPhone.ActiveCfg = Release|Any CPU
		{4A6A5090-BE17-4DC7-825F-B998E5A7431C}.AppStore|iPhone.Build.0 = Release|Any CPU
		{4A6A5090-BE17-4DC7-825F-B998E5A7431C}.AppStore|iPhone.Deploy.0 = Release|Any CPU
		{4A6A5090-BE17-4DC7-825F-B998E5A7431C}.AppStore|iPhoneSimulator.ActiveCfg = Release|Any CPU
		{4A6A5090-BE17-4DC7-825F-B998E5A7431C}.AppStore|iPhoneSimulator.Build.0 = Release|Any CPU
		{4A6A5090-BE17-4DC7-825F-B998E5A7431C}.AppStore|iPhoneSimulator.Deploy.0 = Release|Any CPU
		{4A6A5090-BE17-4DC7-825F-B998E5A7431C}.AppStore|x64.ActiveCfg = Release|Any CPU
		{4A6A5090-BE17-4DC7-825F-B998E5A7431C}.AppStore|x64.Build.0 = Release|Any CPU
		{4A6A5090-BE17-4DC7-825F-B998E5A7431C}.AppStore|x64.Deploy.0 = Release|Any CPU
		{4A6A5090-BE17-4DC7-825F-B998E5A7431C}.AppStore|x86.ActiveCfg = Release|Any CPU
		{4A6A5090-BE17-4DC7-825F-B998E5A7431C}.AppStore|x86.Build.0 = Release|Any CPU
		{4A6A5090-BE17-4DC7-825F-B998E5A7431C}.AppStore|x86.Deploy.0 = Release|Any CPU
		{4A6A5090-BE17-4DC7-825F-B998E5A7431C}.Debug|Any CPU.ActiveCfg = Debug|Any CPU
		{4A6A5090-BE17-4DC7-825F-B998E5A7431C}.Debug|Any CPU.Build.0 = Debug|Any CPU
		{4A6A5090-BE17-4DC7-825F-B998E5A7431C}.Debug|Any CPU.Deploy.0 = Debug|Any CPU
		{4A6A5090-BE17-4DC7-825F-B998E5A7431C}.Debug|ARM.ActiveCfg = Debug|Any CPU
		{4A6A5090-BE17-4DC7-825F-B998E5A7431C}.Debug|ARM.Build.0 = Debug|Any CPU
		{4A6A5090-BE17-4DC7-825F-B998E5A7431C}.Debug|ARM.Deploy.0 = Debug|Any CPU
		{4A6A5090-BE17-4DC7-825F-B998E5A7431C}.Debug|iPhone.ActiveCfg = Debug|Any CPU
		{4A6A5090-BE17-4DC7-825F-B998E5A7431C}.Debug|iPhone.Build.0 = Debug|Any CPU
		{4A6A5090-BE17-4DC7-825F-B998E5A7431C}.Debug|iPhone.Deploy.0 = Debug|Any CPU
		{4A6A5090-BE17-4DC7-825F-B998E5A7431C}.Debug|iPhoneSimulator.ActiveCfg = Debug|Any CPU
		{4A6A5090-BE17-4DC7-825F-B998E5A7431C}.Debug|iPhoneSimulator.Build.0 = Debug|Any CPU
		{4A6A5090-BE17-4DC7-825F-B998E5A7431C}.Debug|iPhoneSimulator.Deploy.0 = Debug|Any CPU
		{4A6A5090-BE17-4DC7-825F-B998E5A7431C}.Debug|x64.ActiveCfg = Debug|Any CPU
		{4A6A5090-BE17-4DC7-825F-B998E5A7431C}.Debug|x64.Build.0 = Debug|Any CPU
		{4A6A5090-BE17-4DC7-825F-B998E5A7431C}.Debug|x64.Deploy.0 = Debug|Any CPU
		{4A6A5090-BE17-4DC7-825F-B998E5A7431C}.Debug|x86.ActiveCfg = Debug|Any CPU
		{4A6A5090-BE17-4DC7-825F-B998E5A7431C}.Debug|x86.Build.0 = Debug|Any CPU
		{4A6A5090-BE17-4DC7-825F-B998E5A7431C}.Debug|x86.Deploy.0 = Debug|Any CPU
		{4A6A5090-BE17-4DC7-825F-B998E5A7431C}.Release|Any CPU.ActiveCfg = Release|Any CPU
		{4A6A5090-BE17-4DC7-825F-B998E5A7431C}.Release|Any CPU.Build.0 = Release|Any CPU
		{4A6A5090-BE17-4DC7-825F-B998E5A7431C}.Release|Any CPU.Deploy.0 = Release|Any CPU
		{4A6A5090-BE17-4DC7-825F-B998E5A7431C}.Release|ARM.ActiveCfg = Release|Any CPU
		{4A6A5090-BE17-4DC7-825F-B998E5A7431C}.Release|ARM.Build.0 = Release|Any CPU
		{4A6A5090-BE17-4DC7-825F-B998E5A7431C}.Release|ARM.Deploy.0 = Release|Any CPU
		{4A6A5090-BE17-4DC7-825F-B998E5A7431C}.Release|iPhone.ActiveCfg = Release|Any CPU
		{4A6A5090-BE17-4DC7-825F-B998E5A7431C}.Release|iPhone.Build.0 = Release|Any CPU
		{4A6A5090-BE17-4DC7-825F-B998E5A7431C}.Release|iPhone.Deploy.0 = Release|Any CPU
		{4A6A5090-BE17-4DC7-825F-B998E5A7431C}.Release|iPhoneSimulator.ActiveCfg = Release|Any CPU
		{4A6A5090-BE17-4DC7-825F-B998E5A7431C}.Release|iPhoneSimulator.Build.0 = Release|Any CPU
		{4A6A5090-BE17-4DC7-825F-B998E5A7431C}.Release|iPhoneSimulator.Deploy.0 = Release|Any CPU
		{4A6A5090-BE17-4DC7-825F-B998E5A7431C}.Release|x64.ActiveCfg = Release|Any CPU
		{4A6A5090-BE17-4DC7-825F-B998E5A7431C}.Release|x64.Build.0 = Release|Any CPU
		{4A6A5090-BE17-4DC7-825F-B998E5A7431C}.Release|x64.Deploy.0 = Release|Any CPU
		{4A6A5090-BE17-4DC7-825F-B998E5A7431C}.Release|x86.ActiveCfg = Release|Any CPU
		{4A6A5090-BE17-4DC7-825F-B998E5A7431C}.Release|x86.Build.0 = Release|Any CPU
		{4A6A5090-BE17-4DC7-825F-B998E5A7431C}.Release|x86.Deploy.0 = Release|Any CPU
		{7C44D9D3-677A-4CE8-879B-0B5B3983844D}.Ad-Hoc|Any CPU.ActiveCfg = Ad-Hoc|iPhone
		{7C44D9D3-677A-4CE8-879B-0B5B3983844D}.Ad-Hoc|Any CPU.Build.0 = Ad-Hoc|iPhone
		{7C44D9D3-677A-4CE8-879B-0B5B3983844D}.Ad-Hoc|Any CPU.Deploy.0 = Ad-Hoc|iPhone
		{7C44D9D3-677A-4CE8-879B-0B5B3983844D}.Ad-Hoc|ARM.ActiveCfg = Ad-Hoc|iPhone
		{7C44D9D3-677A-4CE8-879B-0B5B3983844D}.Ad-Hoc|ARM.Build.0 = Ad-Hoc|iPhone
		{7C44D9D3-677A-4CE8-879B-0B5B3983844D}.Ad-Hoc|ARM.Deploy.0 = Ad-Hoc|iPhone
		{7C44D9D3-677A-4CE8-879B-0B5B3983844D}.Ad-Hoc|iPhone.ActiveCfg = Ad-Hoc|iPhone
		{7C44D9D3-677A-4CE8-879B-0B5B3983844D}.Ad-Hoc|iPhone.Build.0 = Ad-Hoc|iPhone
		{7C44D9D3-677A-4CE8-879B-0B5B3983844D}.Ad-Hoc|iPhone.Deploy.0 = Ad-Hoc|iPhone
		{7C44D9D3-677A-4CE8-879B-0B5B3983844D}.Ad-Hoc|iPhoneSimulator.ActiveCfg = Ad-Hoc|iPhoneSimulator
		{7C44D9D3-677A-4CE8-879B-0B5B3983844D}.Ad-Hoc|iPhoneSimulator.Build.0 = Ad-Hoc|iPhoneSimulator
		{7C44D9D3-677A-4CE8-879B-0B5B3983844D}.Ad-Hoc|iPhoneSimulator.Deploy.0 = Ad-Hoc|iPhoneSimulator
		{7C44D9D3-677A-4CE8-879B-0B5B3983844D}.Ad-Hoc|x64.ActiveCfg = Ad-Hoc|iPhone
		{7C44D9D3-677A-4CE8-879B-0B5B3983844D}.Ad-Hoc|x64.Build.0 = Ad-Hoc|iPhone
		{7C44D9D3-677A-4CE8-879B-0B5B3983844D}.Ad-Hoc|x64.Deploy.0 = Ad-Hoc|iPhone
		{7C44D9D3-677A-4CE8-879B-0B5B3983844D}.Ad-Hoc|x86.ActiveCfg = Ad-Hoc|iPhone
		{7C44D9D3-677A-4CE8-879B-0B5B3983844D}.Ad-Hoc|x86.Build.0 = Ad-Hoc|iPhone
		{7C44D9D3-677A-4CE8-879B-0B5B3983844D}.Ad-Hoc|x86.Deploy.0 = Ad-Hoc|iPhone
		{7C44D9D3-677A-4CE8-879B-0B5B3983844D}.AppStore|Any CPU.ActiveCfg = AppStore|iPhone
		{7C44D9D3-677A-4CE8-879B-0B5B3983844D}.AppStore|Any CPU.Build.0 = AppStore|iPhone
		{7C44D9D3-677A-4CE8-879B-0B5B3983844D}.AppStore|Any CPU.Deploy.0 = AppStore|iPhone
		{7C44D9D3-677A-4CE8-879B-0B5B3983844D}.AppStore|ARM.ActiveCfg = AppStore|iPhone
		{7C44D9D3-677A-4CE8-879B-0B5B3983844D}.AppStore|ARM.Build.0 = AppStore|iPhone
		{7C44D9D3-677A-4CE8-879B-0B5B3983844D}.AppStore|ARM.Deploy.0 = AppStore|iPhone
		{7C44D9D3-677A-4CE8-879B-0B5B3983844D}.AppStore|iPhone.ActiveCfg = AppStore|iPhone
		{7C44D9D3-677A-4CE8-879B-0B5B3983844D}.AppStore|iPhone.Build.0 = AppStore|iPhone
		{7C44D9D3-677A-4CE8-879B-0B5B3983844D}.AppStore|iPhone.Deploy.0 = AppStore|iPhone
		{7C44D9D3-677A-4CE8-879B-0B5B3983844D}.AppStore|iPhoneSimulator.ActiveCfg = AppStore|iPhoneSimulator
		{7C44D9D3-677A-4CE8-879B-0B5B3983844D}.AppStore|iPhoneSimulator.Build.0 = AppStore|iPhoneSimulator
		{7C44D9D3-677A-4CE8-879B-0B5B3983844D}.AppStore|iPhoneSimulator.Deploy.0 = AppStore|iPhoneSimulator
		{7C44D9D3-677A-4CE8-879B-0B5B3983844D}.AppStore|x64.ActiveCfg = AppStore|iPhone
		{7C44D9D3-677A-4CE8-879B-0B5B3983844D}.AppStore|x64.Build.0 = AppStore|iPhone
		{7C44D9D3-677A-4CE8-879B-0B5B3983844D}.AppStore|x64.Deploy.0 = AppStore|iPhone
		{7C44D9D3-677A-4CE8-879B-0B5B3983844D}.AppStore|x86.ActiveCfg = AppStore|iPhone
		{7C44D9D3-677A-4CE8-879B-0B5B3983844D}.AppStore|x86.Build.0 = AppStore|iPhone
		{7C44D9D3-677A-4CE8-879B-0B5B3983844D}.AppStore|x86.Deploy.0 = AppStore|iPhone
		{7C44D9D3-677A-4CE8-879B-0B5B3983844D}.Debug|Any CPU.ActiveCfg = Debug|iPhoneSimulator
		{7C44D9D3-677A-4CE8-879B-0B5B3983844D}.Debug|Any CPU.Build.0 = Debug|iPhoneSimulator
		{7C44D9D3-677A-4CE8-879B-0B5B3983844D}.Debug|Any CPU.Deploy.0 = Debug|iPhoneSimulator
		{7C44D9D3-677A-4CE8-879B-0B5B3983844D}.Debug|ARM.ActiveCfg = Debug|iPhone
		{7C44D9D3-677A-4CE8-879B-0B5B3983844D}.Debug|ARM.Build.0 = Debug|iPhone
		{7C44D9D3-677A-4CE8-879B-0B5B3983844D}.Debug|ARM.Deploy.0 = Debug|iPhone
		{7C44D9D3-677A-4CE8-879B-0B5B3983844D}.Debug|iPhone.ActiveCfg = Debug|iPhone
		{7C44D9D3-677A-4CE8-879B-0B5B3983844D}.Debug|iPhone.Build.0 = Debug|iPhone
		{7C44D9D3-677A-4CE8-879B-0B5B3983844D}.Debug|iPhone.Deploy.0 = Debug|iPhone
		{7C44D9D3-677A-4CE8-879B-0B5B3983844D}.Debug|iPhoneSimulator.ActiveCfg = Debug|iPhoneSimulator
		{7C44D9D3-677A-4CE8-879B-0B5B3983844D}.Debug|iPhoneSimulator.Build.0 = Debug|iPhoneSimulator
		{7C44D9D3-677A-4CE8-879B-0B5B3983844D}.Debug|iPhoneSimulator.Deploy.0 = Debug|iPhoneSimulator
		{7C44D9D3-677A-4CE8-879B-0B5B3983844D}.Debug|x64.ActiveCfg = Debug|iPhone
		{7C44D9D3-677A-4CE8-879B-0B5B3983844D}.Debug|x64.Build.0 = Debug|iPhone
		{7C44D9D3-677A-4CE8-879B-0B5B3983844D}.Debug|x64.Deploy.0 = Debug|iPhone
		{7C44D9D3-677A-4CE8-879B-0B5B3983844D}.Debug|x86.ActiveCfg = Debug|iPhone
		{7C44D9D3-677A-4CE8-879B-0B5B3983844D}.Debug|x86.Build.0 = Debug|iPhone
		{7C44D9D3-677A-4CE8-879B-0B5B3983844D}.Debug|x86.Deploy.0 = Debug|iPhone
		{7C44D9D3-677A-4CE8-879B-0B5B3983844D}.Release|Any CPU.ActiveCfg = Release|iPhone
		{7C44D9D3-677A-4CE8-879B-0B5B3983844D}.Release|Any CPU.Build.0 = Release|iPhone
		{7C44D9D3-677A-4CE8-879B-0B5B3983844D}.Release|Any CPU.Deploy.0 = Release|iPhone
		{7C44D9D3-677A-4CE8-879B-0B5B3983844D}.Release|ARM.ActiveCfg = Release|iPhone
		{7C44D9D3-677A-4CE8-879B-0B5B3983844D}.Release|ARM.Build.0 = Release|iPhone
		{7C44D9D3-677A-4CE8-879B-0B5B3983844D}.Release|ARM.Deploy.0 = Release|iPhone
		{7C44D9D3-677A-4CE8-879B-0B5B3983844D}.Release|iPhone.ActiveCfg = Release|iPhone
		{7C44D9D3-677A-4CE8-879B-0B5B3983844D}.Release|iPhone.Build.0 = Release|iPhone
		{7C44D9D3-677A-4CE8-879B-0B5B3983844D}.Release|iPhone.Deploy.0 = Release|iPhone
		{7C44D9D3-677A-4CE8-879B-0B5B3983844D}.Release|iPhoneSimulator.ActiveCfg = Release|iPhoneSimulator
		{7C44D9D3-677A-4CE8-879B-0B5B3983844D}.Release|iPhoneSimulator.Build.0 = Release|iPhoneSimulator
		{7C44D9D3-677A-4CE8-879B-0B5B3983844D}.Release|iPhoneSimulator.Deploy.0 = Release|iPhoneSimulator
		{7C44D9D3-677A-4CE8-879B-0B5B3983844D}.Release|x64.ActiveCfg = Release|iPhone
		{7C44D9D3-677A-4CE8-879B-0B5B3983844D}.Release|x64.Build.0 = Release|iPhone
		{7C44D9D3-677A-4CE8-879B-0B5B3983844D}.Release|x64.Deploy.0 = Release|iPhone
		{7C44D9D3-677A-4CE8-879B-0B5B3983844D}.Release|x86.ActiveCfg = Release|iPhone
		{7C44D9D3-677A-4CE8-879B-0B5B3983844D}.Release|x86.Build.0 = Release|iPhone
		{7C44D9D3-677A-4CE8-879B-0B5B3983844D}.Release|x86.Deploy.0 = Release|iPhone
		{8EFFC4E6-C809-499C-A355-EE47B21D019C}.Ad-Hoc|Any CPU.ActiveCfg = Release|x86
		{8EFFC4E6-C809-499C-A355-EE47B21D019C}.Ad-Hoc|Any CPU.Build.0 = Release|x86
		{8EFFC4E6-C809-499C-A355-EE47B21D019C}.Ad-Hoc|Any CPU.Deploy.0 = Release|x86
		{8EFFC4E6-C809-499C-A355-EE47B21D019C}.Ad-Hoc|ARM.ActiveCfg = Release|ARM
		{8EFFC4E6-C809-499C-A355-EE47B21D019C}.Ad-Hoc|ARM.Build.0 = Release|ARM
		{8EFFC4E6-C809-499C-A355-EE47B21D019C}.Ad-Hoc|ARM.Deploy.0 = Release|ARM
		{8EFFC4E6-C809-499C-A355-EE47B21D019C}.Ad-Hoc|iPhone.ActiveCfg = Release|x86
		{8EFFC4E6-C809-499C-A355-EE47B21D019C}.Ad-Hoc|iPhone.Build.0 = Release|x86
		{8EFFC4E6-C809-499C-A355-EE47B21D019C}.Ad-Hoc|iPhone.Deploy.0 = Release|x86
		{8EFFC4E6-C809-499C-A355-EE47B21D019C}.Ad-Hoc|iPhoneSimulator.ActiveCfg = Release|x86
		{8EFFC4E6-C809-499C-A355-EE47B21D019C}.Ad-Hoc|iPhoneSimulator.Build.0 = Release|x86
		{8EFFC4E6-C809-499C-A355-EE47B21D019C}.Ad-Hoc|iPhoneSimulator.Deploy.0 = Release|x86
		{8EFFC4E6-C809-499C-A355-EE47B21D019C}.Ad-Hoc|x64.ActiveCfg = Release|x64
		{8EFFC4E6-C809-499C-A355-EE47B21D019C}.Ad-Hoc|x64.Build.0 = Release|x64
		{8EFFC4E6-C809-499C-A355-EE47B21D019C}.Ad-Hoc|x64.Deploy.0 = Release|x64
		{8EFFC4E6-C809-499C-A355-EE47B21D019C}.Ad-Hoc|x86.ActiveCfg = Release|x86
		{8EFFC4E6-C809-499C-A355-EE47B21D019C}.Ad-Hoc|x86.Build.0 = Release|x86
		{8EFFC4E6-C809-499C-A355-EE47B21D019C}.Ad-Hoc|x86.Deploy.0 = Release|x86
		{8EFFC4E6-C809-499C-A355-EE47B21D019C}.AppStore|Any CPU.ActiveCfg = Release|x86
		{8EFFC4E6-C809-499C-A355-EE47B21D019C}.AppStore|Any CPU.Build.0 = Release|x86
		{8EFFC4E6-C809-499C-A355-EE47B21D019C}.AppStore|Any CPU.Deploy.0 = Release|x86
		{8EFFC4E6-C809-499C-A355-EE47B21D019C}.AppStore|ARM.ActiveCfg = Release|ARM
		{8EFFC4E6-C809-499C-A355-EE47B21D019C}.AppStore|ARM.Build.0 = Release|ARM
		{8EFFC4E6-C809-499C-A355-EE47B21D019C}.AppStore|ARM.Deploy.0 = Release|ARM
		{8EFFC4E6-C809-499C-A355-EE47B21D019C}.AppStore|iPhone.ActiveCfg = Release|x86
		{8EFFC4E6-C809-499C-A355-EE47B21D019C}.AppStore|iPhone.Build.0 = Release|x86
		{8EFFC4E6-C809-499C-A355-EE47B21D019C}.AppStore|iPhone.Deploy.0 = Release|x86
		{8EFFC4E6-C809-499C-A355-EE47B21D019C}.AppStore|iPhoneSimulator.ActiveCfg = Release|x86
		{8EFFC4E6-C809-499C-A355-EE47B21D019C}.AppStore|iPhoneSimulator.Build.0 = Release|x86
		{8EFFC4E6-C809-499C-A355-EE47B21D019C}.AppStore|iPhoneSimulator.Deploy.0 = Release|x86
		{8EFFC4E6-C809-499C-A355-EE47B21D019C}.AppStore|x64.ActiveCfg = Release|x64
		{8EFFC4E6-C809-499C-A355-EE47B21D019C}.AppStore|x64.Build.0 = Release|x64
		{8EFFC4E6-C809-499C-A355-EE47B21D019C}.AppStore|x64.Deploy.0 = Release|x64
		{8EFFC4E6-C809-499C-A355-EE47B21D019C}.AppStore|x86.ActiveCfg = Release|x86
		{8EFFC4E6-C809-499C-A355-EE47B21D019C}.AppStore|x86.Build.0 = Release|x86
		{8EFFC4E6-C809-499C-A355-EE47B21D019C}.AppStore|x86.Deploy.0 = Release|x86
		{8EFFC4E6-C809-499C-A355-EE47B21D019C}.Debug|Any CPU.ActiveCfg = Debug|x86
		{8EFFC4E6-C809-499C-A355-EE47B21D019C}.Debug|Any CPU.Build.0 = Debug|x86
		{8EFFC4E6-C809-499C-A355-EE47B21D019C}.Debug|Any CPU.Deploy.0 = Debug|x86
		{8EFFC4E6-C809-499C-A355-EE47B21D019C}.Debug|ARM.ActiveCfg = Debug|ARM
		{8EFFC4E6-C809-499C-A355-EE47B21D019C}.Debug|ARM.Build.0 = Debug|ARM
		{8EFFC4E6-C809-499C-A355-EE47B21D019C}.Debug|ARM.Deploy.0 = Debug|ARM
		{8EFFC4E6-C809-499C-A355-EE47B21D019C}.Debug|iPhone.ActiveCfg = Debug|x86
		{8EFFC4E6-C809-499C-A355-EE47B21D019C}.Debug|iPhone.Build.0 = Debug|x86
		{8EFFC4E6-C809-499C-A355-EE47B21D019C}.Debug|iPhone.Deploy.0 = Debug|x86
		{8EFFC4E6-C809-499C-A355-EE47B21D019C}.Debug|iPhoneSimulator.ActiveCfg = Debug|x86
		{8EFFC4E6-C809-499C-A355-EE47B21D019C}.Debug|iPhoneSimulator.Build.0 = Debug|x86
		{8EFFC4E6-C809-499C-A355-EE47B21D019C}.Debug|iPhoneSimulator.Deploy.0 = Debug|x86
		{8EFFC4E6-C809-499C-A355-EE47B21D019C}.Debug|x64.ActiveCfg = Debug|x64
		{8EFFC4E6-C809-499C-A355-EE47B21D019C}.Debug|x64.Build.0 = Debug|x64
		{8EFFC4E6-C809-499C-A355-EE47B21D019C}.Debug|x64.Deploy.0 = Debug|x64
		{8EFFC4E6-C809-499C-A355-EE47B21D019C}.Debug|x86.ActiveCfg = Debug|x86
		{8EFFC4E6-C809-499C-A355-EE47B21D019C}.Debug|x86.Build.0 = Debug|x86
		{8EFFC4E6-C809-499C-A355-EE47B21D019C}.Debug|x86.Deploy.0 = Debug|x86
		{8EFFC4E6-C809-499C-A355-EE47B21D019C}.Release|Any CPU.ActiveCfg = Release|x86
		{8EFFC4E6-C809-499C-A355-EE47B21D019C}.Release|Any CPU.Build.0 = Release|x86
		{8EFFC4E6-C809-499C-A355-EE47B21D019C}.Release|Any CPU.Deploy.0 = Release|x86
		{8EFFC4E6-C809-499C-A355-EE47B21D019C}.Release|ARM.ActiveCfg = Release|ARM
		{8EFFC4E6-C809-499C-A355-EE47B21D019C}.Release|ARM.Build.0 = Release|ARM
		{8EFFC4E6-C809-499C-A355-EE47B21D019C}.Release|ARM.Deploy.0 = Release|ARM
		{8EFFC4E6-C809-499C-A355-EE47B21D019C}.Release|iPhone.ActiveCfg = Release|x86
		{8EFFC4E6-C809-499C-A355-EE47B21D019C}.Release|iPhone.Build.0 = Release|x86
		{8EFFC4E6-C809-499C-A355-EE47B21D019C}.Release|iPhone.Deploy.0 = Release|x86
		{8EFFC4E6-C809-499C-A355-EE47B21D019C}.Release|iPhoneSimulator.ActiveCfg = Release|x86
		{8EFFC4E6-C809-499C-A355-EE47B21D019C}.Release|iPhoneSimulator.Build.0 = Release|x86
		{8EFFC4E6-C809-499C-A355-EE47B21D019C}.Release|iPhoneSimulator.Deploy.0 = Release|x86
		{8EFFC4E6-C809-499C-A355-EE47B21D019C}.Release|x64.ActiveCfg = Release|x64
		{8EFFC4E6-C809-499C-A355-EE47B21D019C}.Release|x64.Build.0 = Release|x64
		{8EFFC4E6-C809-499C-A355-EE47B21D019C}.Release|x64.Deploy.0 = Release|x64
		{8EFFC4E6-C809-499C-A355-EE47B21D019C}.Release|x86.ActiveCfg = Release|x86
		{8EFFC4E6-C809-499C-A355-EE47B21D019C}.Release|x86.Build.0 = Release|x86
		{8EFFC4E6-C809-499C-A355-EE47B21D019C}.Release|x86.Deploy.0 = Release|x86
		{6C17CB3D-A732-49A2-911E-8EF3D8A694B8}.Ad-Hoc|Any CPU.ActiveCfg = Debug|Any CPU
		{6C17CB3D-A732-49A2-911E-8EF3D8A694B8}.Ad-Hoc|Any CPU.Build.0 = Debug|Any CPU
		{6C17CB3D-A732-49A2-911E-8EF3D8A694B8}.Ad-Hoc|Any CPU.Deploy.0 = Debug|Any CPU
		{6C17CB3D-A732-49A2-911E-8EF3D8A694B8}.Ad-Hoc|ARM.ActiveCfg = Debug|Any CPU
		{6C17CB3D-A732-49A2-911E-8EF3D8A694B8}.Ad-Hoc|ARM.Build.0 = Debug|Any CPU
		{6C17CB3D-A732-49A2-911E-8EF3D8A694B8}.Ad-Hoc|ARM.Deploy.0 = Debug|Any CPU
		{6C17CB3D-A732-49A2-911E-8EF3D8A694B8}.Ad-Hoc|iPhone.ActiveCfg = Debug|Any CPU
		{6C17CB3D-A732-49A2-911E-8EF3D8A694B8}.Ad-Hoc|iPhone.Build.0 = Debug|Any CPU
		{6C17CB3D-A732-49A2-911E-8EF3D8A694B8}.Ad-Hoc|iPhone.Deploy.0 = Debug|Any CPU
		{6C17CB3D-A732-49A2-911E-8EF3D8A694B8}.Ad-Hoc|iPhoneSimulator.ActiveCfg = Debug|Any CPU
		{6C17CB3D-A732-49A2-911E-8EF3D8A694B8}.Ad-Hoc|iPhoneSimulator.Build.0 = Debug|Any CPU
		{6C17CB3D-A732-49A2-911E-8EF3D8A694B8}.Ad-Hoc|iPhoneSimulator.Deploy.0 = Debug|Any CPU
		{6C17CB3D-A732-49A2-911E-8EF3D8A694B8}.Ad-Hoc|x64.ActiveCfg = Debug|Any CPU
		{6C17CB3D-A732-49A2-911E-8EF3D8A694B8}.Ad-Hoc|x64.Build.0 = Debug|Any CPU
		{6C17CB3D-A732-49A2-911E-8EF3D8A694B8}.Ad-Hoc|x64.Deploy.0 = Debug|Any CPU
		{6C17CB3D-A732-49A2-911E-8EF3D8A694B8}.Ad-Hoc|x86.ActiveCfg = Debug|Any CPU
		{6C17CB3D-A732-49A2-911E-8EF3D8A694B8}.Ad-Hoc|x86.Build.0 = Debug|Any CPU
		{6C17CB3D-A732-49A2-911E-8EF3D8A694B8}.Ad-Hoc|x86.Deploy.0 = Debug|Any CPU
		{6C17CB3D-A732-49A2-911E-8EF3D8A694B8}.AppStore|Any CPU.ActiveCfg = Debug|Any CPU
		{6C17CB3D-A732-49A2-911E-8EF3D8A694B8}.AppStore|Any CPU.Build.0 = Debug|Any CPU
		{6C17CB3D-A732-49A2-911E-8EF3D8A694B8}.AppStore|Any CPU.Deploy.0 = Debug|Any CPU
		{6C17CB3D-A732-49A2-911E-8EF3D8A694B8}.AppStore|ARM.ActiveCfg = Debug|Any CPU
		{6C17CB3D-A732-49A2-911E-8EF3D8A694B8}.AppStore|ARM.Build.0 = Debug|Any CPU
		{6C17CB3D-A732-49A2-911E-8EF3D8A694B8}.AppStore|ARM.Deploy.0 = Debug|Any CPU
		{6C17CB3D-A732-49A2-911E-8EF3D8A694B8}.AppStore|iPhone.ActiveCfg = Debug|Any CPU
		{6C17CB3D-A732-49A2-911E-8EF3D8A694B8}.AppStore|iPhone.Build.0 = Debug|Any CPU
		{6C17CB3D-A732-49A2-911E-8EF3D8A694B8}.AppStore|iPhone.Deploy.0 = Debug|Any CPU
		{6C17CB3D-A732-49A2-911E-8EF3D8A694B8}.AppStore|iPhoneSimulator.ActiveCfg = Debug|Any CPU
		{6C17CB3D-A732-49A2-911E-8EF3D8A694B8}.AppStore|iPhoneSimulator.Build.0 = Debug|Any CPU
		{6C17CB3D-A732-49A2-911E-8EF3D8A694B8}.AppStore|iPhoneSimulator.Deploy.0 = Debug|Any CPU
		{6C17CB3D-A732-49A2-911E-8EF3D8A694B8}.AppStore|x64.ActiveCfg = Debug|Any CPU
		{6C17CB3D-A732-49A2-911E-8EF3D8A694B8}.AppStore|x64.Build.0 = Debug|Any CPU
		{6C17CB3D-A732-49A2-911E-8EF3D8A694B8}.AppStore|x64.Deploy.0 = Debug|Any CPU
		{6C17CB3D-A732-49A2-911E-8EF3D8A694B8}.AppStore|x86.ActiveCfg = Debug|Any CPU
		{6C17CB3D-A732-49A2-911E-8EF3D8A694B8}.AppStore|x86.Build.0 = Debug|Any CPU
		{6C17CB3D-A732-49A2-911E-8EF3D8A694B8}.AppStore|x86.Deploy.0 = Debug|Any CPU
		{6C17CB3D-A732-49A2-911E-8EF3D8A694B8}.Debug|Any CPU.ActiveCfg = Debug|Any CPU
		{6C17CB3D-A732-49A2-911E-8EF3D8A694B8}.Debug|Any CPU.Build.0 = Debug|Any CPU
		{6C17CB3D-A732-49A2-911E-8EF3D8A694B8}.Debug|Any CPU.Deploy.0 = Debug|Any CPU
		{6C17CB3D-A732-49A2-911E-8EF3D8A694B8}.Debug|ARM.ActiveCfg = Debug|Any CPU
		{6C17CB3D-A732-49A2-911E-8EF3D8A694B8}.Debug|ARM.Build.0 = Debug|Any CPU
		{6C17CB3D-A732-49A2-911E-8EF3D8A694B8}.Debug|ARM.Deploy.0 = Debug|Any CPU
		{6C17CB3D-A732-49A2-911E-8EF3D8A694B8}.Debug|iPhone.ActiveCfg = Debug|Any CPU
		{6C17CB3D-A732-49A2-911E-8EF3D8A694B8}.Debug|iPhone.Build.0 = Debug|Any CPU
		{6C17CB3D-A732-49A2-911E-8EF3D8A694B8}.Debug|iPhone.Deploy.0 = Debug|Any CPU
		{6C17CB3D-A732-49A2-911E-8EF3D8A694B8}.Debug|iPhoneSimulator.ActiveCfg = Debug|Any CPU
		{6C17CB3D-A732-49A2-911E-8EF3D8A694B8}.Debug|iPhoneSimulator.Build.0 = Debug|Any CPU
		{6C17CB3D-A732-49A2-911E-8EF3D8A694B8}.Debug|iPhoneSimulator.Deploy.0 = Debug|Any CPU
		{6C17CB3D-A732-49A2-911E-8EF3D8A694B8}.Debug|x64.ActiveCfg = Debug|Any CPU
		{6C17CB3D-A732-49A2-911E-8EF3D8A694B8}.Debug|x64.Build.0 = Debug|Any CPU
		{6C17CB3D-A732-49A2-911E-8EF3D8A694B8}.Debug|x64.Deploy.0 = Debug|Any CPU
		{6C17CB3D-A732-49A2-911E-8EF3D8A694B8}.Debug|x86.ActiveCfg = Debug|Any CPU
		{6C17CB3D-A732-49A2-911E-8EF3D8A694B8}.Debug|x86.Build.0 = Debug|Any CPU
		{6C17CB3D-A732-49A2-911E-8EF3D8A694B8}.Debug|x86.Deploy.0 = Debug|Any CPU
		{6C17CB3D-A732-49A2-911E-8EF3D8A694B8}.Release|Any CPU.ActiveCfg = Release|Any CPU
		{6C17CB3D-A732-49A2-911E-8EF3D8A694B8}.Release|Any CPU.Build.0 = Release|Any CPU
		{6C17CB3D-A732-49A2-911E-8EF3D8A694B8}.Release|Any CPU.Deploy.0 = Release|Any CPU
		{6C17CB3D-A732-49A2-911E-8EF3D8A694B8}.Release|ARM.ActiveCfg = Release|Any CPU
		{6C17CB3D-A732-49A2-911E-8EF3D8A694B8}.Release|ARM.Build.0 = Release|Any CPU
		{6C17CB3D-A732-49A2-911E-8EF3D8A694B8}.Release|ARM.Deploy.0 = Release|Any CPU
		{6C17CB3D-A732-49A2-911E-8EF3D8A694B8}.Release|iPhone.ActiveCfg = Release|Any CPU
		{6C17CB3D-A732-49A2-911E-8EF3D8A694B8}.Release|iPhone.Build.0 = Release|Any CPU
		{6C17CB3D-A732-49A2-911E-8EF3D8A694B8}.Release|iPhone.Deploy.0 = Release|Any CPU
		{6C17CB3D-A732-49A2-911E-8EF3D8A694B8}.Release|iPhoneSimulator.ActiveCfg = Release|Any CPU
		{6C17CB3D-A732-49A2-911E-8EF3D8A694B8}.Release|iPhoneSimulator.Build.0 = Release|Any CPU
		{6C17CB3D-A732-49A2-911E-8EF3D8A694B8}.Release|iPhoneSimulator.Deploy.0 = Release|Any CPU
		{6C17CB3D-A732-49A2-911E-8EF3D8A694B8}.Release|x64.ActiveCfg = Release|Any CPU
		{6C17CB3D-A732-49A2-911E-8EF3D8A694B8}.Release|x64.Build.0 = Release|Any CPU
		{6C17CB3D-A732-49A2-911E-8EF3D8A694B8}.Release|x64.Deploy.0 = Release|Any CPU
		{6C17CB3D-A732-49A2-911E-8EF3D8A694B8}.Release|x86.ActiveCfg = Release|Any CPU
		{6C17CB3D-A732-49A2-911E-8EF3D8A694B8}.Release|x86.Build.0 = Release|Any CPU
		{6C17CB3D-A732-49A2-911E-8EF3D8A694B8}.Release|x86.Deploy.0 = Release|Any CPU
	EndGlobalSection
	GlobalSection(SolutionProperties) = preSolution
		HideSolutionNode = FALSE
	EndGlobalSection
	GlobalSection(ExtensibilityGlobals) = postSolution
		SolutionGuid = {1AA9D8E5-5098-4729-ABB6-835B2DBBDCFF}
	EndGlobalSection
EndGlobal
